{
  "name": "omega-topology-fullstack",
  "version": "1.5.6",
  "lockfileVersion": 1,
  "requires": true,
  "dependencies": {
    "@types/graphlib": {
      "version": "2.1.5",
      "resolved": "https://registry.npmjs.org/@types/graphlib/-/graphlib-2.1.5.tgz",
      "integrity": "sha512-ZNQa42alTPUbBZ6c2einxsHmnz/YX/CqB8a1P5QTmbBqr9Q4x01fqPdXwBmMBQOm67fg9rACpidyIaCtvg8RVQ=="
    },
    "@types/md5": {
      "version": "2.1.33",
      "resolved": "https://registry.npmjs.org/@types/md5/-/md5-2.1.33.tgz",
      "integrity": "sha512-8+X960EtKLoSblhauxLKy3zzotagjoj3Jt1Tx9oaxUdZEPIBl+mkrUz6PNKpzJgkrKSN9YgkWTA29c0KnLshmA==",
      "requires": {
        "@types/node": "*"
      }
    },
    "@types/node": {
      "version": "12.0.2",
      "resolved": "https://registry.npmjs.org/@types/node/-/node-12.0.2.tgz",
      "integrity": "sha512-5tabW/i+9mhrfEOUcLDu2xBPsHJ+X5Orqy9FKpale3SjDA17j5AEpYq5vfy3oAeAHGcvANRCO3NV3d2D6q3NiA=="
    },
    "@types/progress": {
      "version": "2.0.3",
      "resolved": "https://registry.npmjs.org/@types/progress/-/progress-2.0.3.tgz",
      "integrity": "sha512-bPOsfCZ4tsTlKiBjBhKnM8jpY5nmIll166IPD58D92hR7G7kZDfx5iB9wGF4NfZrdKolebjeAr3GouYkSGoJ/A==",
      "requires": {
        "@types/node": "*"
      }
    },
    "charenc": {
      "version": "0.0.2",
      "resolved": "https://registry.npmjs.org/charenc/-/charenc-0.0.2.tgz",
      "integrity": "sha1-wKHS86cJLgN3S/qD8UwPxXkKhmc="
    },
    "crypt": {
      "version": "0.0.2",
      "resolved": "https://registry.npmjs.org/crypt/-/crypt-0.0.2.tgz",
      "integrity": "sha1-iNf/fsDfuG9xPch7u0LQRNPmxBs="
    },
    "graphlib": {
      "version": "2.1.7",
      "resolved": "https://registry.npmjs.org/graphlib/-/graphlib-2.1.7.tgz",
      "integrity": "sha512-TyI9jIy2J4j0qgPmOOrHTCtpPqJGN/aurBwc6ZT+bRii+di1I+Wv3obRhVrmBEXet+qkMaEX67dXrwsd3QQM6w==",
      "requires": {
        "lodash": "^4.17.5"
      }
    },
    "is-buffer": {
      "version": "1.1.6",
      "resolved": "https://registry.npmjs.org/is-buffer/-/is-buffer-1.1.6.tgz",
      "integrity": "sha512-NcdALwpXkTm5Zvvbk7owOUSvVvBKDgKP5/ewfXEznmQFfs4ZRmanOeKBTjRVjka3QFoN6XJ+9F3USqfHqTaU5w=="
    },
    "lodash": {
      "version": "4.17.15",
      "resolved": "https://registry.npmjs.org/lodash/-/lodash-4.17.15.tgz",
      "integrity": "sha512-8xOcRHvCjnocdS5cpwXQXVzmmh5e5+saE2QGoeQmbKmRS6J3VQppPOIt0MnmE+4xlZoumy0GPG0D0MVIQbNA1A=="
    },
    "md5": {
      "version": "2.2.1",
      "resolved": "https://registry.npmjs.org/md5/-/md5-2.2.1.tgz",
      "integrity": "sha1-U6s41f48iJG6RlMp6iP6wFQBJvk=",
      "requires": {
        "charenc": "~0.0.1",
        "crypt": "~0.0.1",
        "is-buffer": "~1.1.1"
      }
    },
    "node-fetch": {
      "version": "2.6.1",
      "resolved": "https://registry.npmjs.org/node-fetch/-/node-fetch-2.6.1.tgz",
      "integrity": "sha512-V4aYg89jEoVRxRb2fJdAg8FHvI7cEyYdVAh94HH0UIK8oJxUfkjlDQN9RbMx+bEjP7+ggMiFRprSti032Oipxw==",
      "dev": true
    },
    "python-enumerate": {
      "version": "1.0.1",
      "resolved": "https://registry.npmjs.org/python-enumerate/-/python-enumerate-1.0.1.tgz",
      "integrity": "sha512-IWEJikANSQsbvHBCe7+f4HzI96025mV3nRzEger6MAtc+3hp8YMrwcvDrvEPvmKxoEhPfw9kU9+7RwBLQ4A2Pw=="
    },
    "python-zip": {
      "version": "1.0.5",
      "resolved": "https://registry.npmjs.org/python-zip/-/python-zip-1.0.5.tgz",
      "integrity": "sha512-XiJVha0Ng/BRnyL2WLJdW3vwUP3rAY4/TQH6Gyy+zD+Z6amngL/Zz7g3GaXB/OWfRpXwdmi4p05Xy+RdT0AnEQ=="
    },
    "reversible-key-map": {
      "version": "1.0.2",
      "resolved": "https://registry.npmjs.org/reversible-key-map/-/reversible-key-map-1.0.2.tgz",
      "integrity": "sha512-A40WEKeQbxxNefCdHf3mdrq8sNW0loi1ethNiJu3oSKP1cZJxwruPqXDbt7BbnQzphhNcSxP6GS4cVbRcLi/JQ=="
    }
  }
}
